// !$*UTF8*$!
{
	archiveVersion = 1;
	classes = {
	};
	objectVersion = 56;
	objects = {

/* Begin PBXBuildFile section */
		8987C7D92C9662B600416CAB /* RowView.swift in Sources */ = {isa = PBXBuildFile; fileRef = 8987C7D82C9662B600416CAB /* RowView.swift */; };
		8987C7DB2C972B3800416CAB /* MockHttpClient.swift in Sources */ = {isa = PBXBuildFile; fileRef = 8987C7DA2C972B3800416CAB /* MockHttpClient.swift */; };
		89D6F2DB2C5FF4760039E174 /* ApiTestingApp.swift in Sources */ = {isa = PBXBuildFile; fileRef = 89D6F2DA2C5FF4760039E174 /* ApiTestingApp.swift */; };
		89D6F2DD2C5FF4760039E174 /* ContentView.swift in Sources */ = {isa = PBXBuildFile; fileRef = 89D6F2DC2C5FF4760039E174 /* ContentView.swift */; };
		89D6F2DF2C5FF4780039E174 /* Assets.xcassets in Resources */ = {isa = PBXBuildFile; fileRef = 89D6F2DE2C5FF4780039E174 /* Assets.xcassets */; };
		89D6F2E22C5FF4780039E174 /* Preview Assets.xcassets in Resources */ = {isa = PBXBuildFile; fileRef = 89D6F2E12C5FF4780039E174 /* Preview Assets.xcassets */; };
		89D6F2E92C5FF4960039E174 /* NetWorking.swift in Sources */ = {isa = PBXBuildFile; fileRef = 89D6F2E82C5FF4960039E174 /* NetWorking.swift */; };
		89D6F2EB2C5FF4C50039E174 /* ViewModel.swift in Sources */ = {isa = PBXBuildFile; fileRef = 89D6F2EA2C5FF4C50039E174 /* ViewModel.swift */; };
		89D6F2F32C5FF5E60039E174 /* ApiTestingTests.swift in Sources */ = {isa = PBXBuildFile; fileRef = 89D6F2F22C5FF5E60039E174 /* ApiTestingTests.swift */; };
/* End PBXBuildFile section */

/* Begin PBXContainerItemProxy section */
		89D6F2F42C5FF5E60039E174 /* PBXContainerItemProxy */ = {
			isa = PBXContainerItemProxy;
			containerPortal = 89D6F2CF2C5FF4760039E174 /* Project object */;
			proxyType = 1;
			remoteGlobalIDString = 89D6F2D62C5FF4760039E174;
			remoteInfo = ApiTesting;
		};
/* End PBXContainerItemProxy section */

/* Begin PBXFileReference section */
		8987C7D82C9662B600416CAB /* RowView.swift */ = {isa = PBXFileReference; lastKnownFileType = sourcecode.swift; path = RowView.swift; sourceTree = "<group>"; };
		8987C7DA2C972B3800416CAB /* MockHttpClient.swift */ = {isa = PBXFileReference; lastKnownFileType = sourcecode.swift; path = MockHttpClient.swift; sourceTree = "<group>"; };
		89D6F2D72C5FF4760039E174 /* ApiTesting.app */ = {isa = PBXFileReference; explicitFileType = wrapper.application; includeInIndex = 0; path = ApiTesting.app; sourceTree = BUILT_PRODUCTS_DIR; };
		89D6F2DA2C5FF4760039E174 /* ApiTestingApp.swift */ = {isa = PBXFileReference; lastKnownFileType = sourcecode.swift; path = ApiTestingApp.swift; sourceTree = "<group>"; };
		89D6F2DC2C5FF4760039E174 /* ContentView.swift */ = {isa = PBXFileReference; lastKnownFileType = sourcecode.swift; path = ContentView.swift; sourceTree = "<group>"; };
		89D6F2DE2C5FF4780039E174 /* Assets.xcassets */ = {isa = PBXFileReference; lastKnownFileType = folder.assetcatalog; path = Assets.xcassets; sourceTree = "<group>"; };
		89D6F2E12C5FF4780039E174 /* Preview Assets.xcassets */ = {isa = PBXFileReference; lastKnownFileType = folder.assetcatalog; path = "Preview Assets.xcassets"; sourceTree = "<group>"; };
		89D6F2E82C5FF4960039E174 /* NetWorking.swift */ = {isa = PBXFileReference; lastKnownFileType = sourcecode.swift; path = NetWorking.swift; sourceTree = "<group>"; };
		89D6F2EA2C5FF4C50039E174 /* ViewModel.swift */ = {isa = PBXFileReference; lastKnownFileType = sourcecode.swift; path = ViewModel.swift; sourceTree = "<group>"; };
		89D6F2F02C5FF5E60039E174 /* ApiTestingTests.xctest */ = {isa = PBXFileReference; explicitFileType = wrapper.cfbundle; includeInIndex = 0; path = ApiTestingTests.xctest; sourceTree = BUILT_PRODUCTS_DIR; };
		89D6F2F22C5FF5E60039E174 /* ApiTestingTests.swift */ = {isa = PBXFileReference; lastKnownFileType = sourcecode.swift; path = ApiTestingTests.swift; sourceTree = "<group>"; };
/* End PBXFileReference section */

/* Begin PBXFrameworksBuildPhase section */
		89D6F2D42C5FF4760039E174 /* Frameworks */ = {
			isa = PBXFrameworksBuildPhase;
			buildActionMask = 2147483647;
			files = (
			);
			runOnlyForDeploymentPostprocessing = 0;
		};
		89D6F2ED2C5FF5E60039E174 /* Frameworks */ = {
			isa = PBXFrameworksBuildPhase;
			buildActionMask = 2147483647;
			files = (
			);
			runOnlyForDeploymentPostprocessing = 0;
		};
/* End PBXFrameworksBuildPhase section */

/* Begin PBXGroup section */
		89D6F2CE2C5FF4760039E174 = {
			isa = PBXGroup;
			children = (
				89D6F2D92C5FF4760039E174 /* ApiTesting */,
				89D6F2F12C5FF5E60039E174 /* ApiTestingTests */,
				89D6F2D82C5FF4760039E174 /* Products */,
			);
			sourceTree = "<group>";
		};
		89D6F2D82C5FF4760039E174 /* Products */ = {
			isa = PBXGroup;
			children = (
				89D6F2D72C5FF4760039E174 /* ApiTesting.app */,
				89D6F2F02C5FF5E60039E174 /* ApiTestingTests.xctest */,
			);
			name = Products;
			sourceTree = "<group>";
		};
		89D6F2D92C5FF4760039E174 /* ApiTesting */ = {
			isa = PBXGroup;
			children = (
				89D6F2DA2C5FF4760039E174 /* ApiTestingApp.swift */,
				89D6F2DC2C5FF4760039E174 /* ContentView.swift */,
				8987C7D82C9662B600416CAB /* RowView.swift */,
				89D6F2EA2C5FF4C50039E174 /* ViewModel.swift */,
				89D6F2E82C5FF4960039E174 /* NetWorking.swift */,
				8987C7DA2C972B3800416CAB /* MockHttpClient.swift */,
				89D6F2DE2C5FF4780039E174 /* Assets.xcassets */,
				89D6F2E02C5FF4780039E174 /* Preview Content */,
			);
			path = ApiTesting;
			sourceTree = "<group>";
		};
		89D6F2E02C5FF4780039E174 /* Preview Content */ = {
			isa = PBXGroup;
			children = (
				89D6F2E12C5FF4780039E174 /* Preview Assets.xcassets */,
			);
			path = "Preview Content";
			sourceTree = "<group>";
		};
		89D6F2F12C5FF5E60039E174 /* ApiTestingTests */ = {
			isa = PBXGroup;
			children = (
				89D6F2F22C5FF5E60039E174 /* ApiTestingTests.swift */,
			);
			path = ApiTestingTests;
			sourceTree = "<group>";
		};
/* End PBXGroup section */

/* Begin PBXNativeTarget section */
		89D6F2D62C5FF4760039E174 /* ApiTesting */ = {
			isa = PBXNativeTarget;
			buildConfigurationList = 89D6F2E52C5FF4780039E174 /* Build configuration list for PBXNativeTarget "ApiTesting" */;
			buildPhases = (
				89D6F2D32C5FF4760039E174 /* Sources */,
				89D6F2D42C5FF4760039E174 /* Frameworks */,
				89D6F2D52C5FF4760039E174 /* Resources */,
			);
			buildRules = (
			);
			dependencies = (
			);
			name = ApiTesting;
			productName = ApiTesting;
			productReference = 89D6F2D72C5FF4760039E174 /* ApiTesting.app */;
			productType = "com.apple.product-type.application";
		};
		89D6F2EF2C5FF5E60039E174 /* ApiTestingTests */ = {
			isa = PBXNativeTarget;
			buildConfigurationList = 89D6F2F62C5FF5E60039E174 /* Build configuration list for PBXNativeTarget "ApiTestingTests" */;
			buildPhases = (
				89D6F2EC2C5FF5E60039E174 /* Sources */,
				89D6F2ED2C5FF5E60039E174 /* Frameworks */,
				89D6F2EE2C5FF5E60039E174 /* Resources */,
			);
			buildRules = (
			);
			dependencies = (
				89D6F2F52C5FF5E60039E174 /* PBXTargetDependency */,
			);
			name = ApiTestingTests;
			productName = ApiTestingTests;
			productReference = 89D6F2F02C5FF5E60039E174 /* ApiTestingTests.xctest */;
			productType = "com.apple.product-type.bundle.unit-test";
		};
/* End PBXNativeTarget section */

/* Begin PBXProject section */
		89D6F2CF2C5FF4760039E174 /* Project object */ = {
			isa = PBXProject;
			attributes = {
				BuildIndependentTargetsInParallel = 1;
				LastSwiftUpdateCheck = 1520;
				LastUpgradeCheck = 1520;
				TargetAttributes = {
					89D6F2D62C5FF4760039E174 = {
						CreatedOnToolsVersion = 15.2;
					};
					89D6F2EF2C5FF5E60039E174 = {
						CreatedOnToolsVersion = 15.2;
						TestTargetID = 89D6F2D62C5FF4760039E174;
					};
				};
			};
			buildConfigurationList = 89D6F2D22C5FF4760039E174 /* Build configuration list for PBXProject "ApiTesting" */;
			compatibilityVersion = "Xcode 14.0";
			developmentRegion = en;
			hasScannedForEncodings = 0;
			knownRegions = (
				en,
				Base,
			);
			mainGroup = 89D6F2CE2C5FF4760039E174;
			productRefGroup = 89D6F2D82C5FF4760039E174 /* Products */;
			projectDirPath = "";
			projectRoot = "";
			targets = (
				89D6F2D62C5FF4760039E174 /* ApiTesting */,
				89D6F2EF2C5FF5E60039E174 /* ApiTestingTests */,
			);
		};
/* End PBXProject section */

/* Begin PBXResourcesBuildPhase section */
		89D6F2D52C5FF4760039E174 /* Resources */ = {
			isa = PBXResourcesBuildPhase;
			buildActionMask = 2147483647;
			files = (
				89D6F2E22C5FF4780039E174 /* Preview Assets.xcassets in Resources */,
				89D6F2DF2C5FF4780039E174 /* Assets.xcassets in Resources */,
			);
			runOnlyForDeploymentPostprocessing = 0;
		};
		89D6F2EE2C5FF5E60039E174 /* Resources */ = {
			isa = PBXResourcesBuildPhase;
			buildActionMask = 2147483647;
			files = (
			);
			runOnlyForDeploymentPostprocessing = 0;
		};
/* End PBXResourcesBuildPhase section */

/* Begin PBXSourcesBuildPhase section */
		89D6F2D32C5FF4760039E174 /* Sources */ = {
			isa = PBXSourcesBuildPhase;
			buildActionMask = 2147483647;
			files = (
				8987C7DB2C972B3800416CAB /* MockHttpClient.swift in Sources */,
				89D6F2DD2C5FF4760039E174 /* ContentView.swift in Sources */,
				8987C7D92C9662B600416CAB /* RowView.swift in Sources */,
				89D6F2DB2C5FF4760039E174 /* ApiTestingApp.swift in Sources */,
				89D6F2EB2C5FF4C50039E174 /* ViewModel.swift in Sources */,
				89D6F2E92C5FF4960039E174 /* NetWorking.swift in Sources */,
			);
			runOnlyForDeploymentPostprocessing = 0;
		};
		89D6F2EC2C5FF5E60039E174 /* Sources */ = {
			isa = PBXSourcesBuildPhase;
			buildActionMask = 2147483647;
			files = (
				89D6F2F32C5FF5E60039E174 /* ApiTestingTests.swift in Sources */,
			);
			runOnlyForDeploymentPostprocessing = 0;
		};
/* End PBXSourcesBuildPhase section */

/* Begin PBXTargetDependency section */
		89D6F2F52C5FF5E60039E174 /* PBXTargetDependency */ = {
			isa = PBXTargetDependency;
			target = 89D6F2D62C5FF4760039E174 /* ApiTesting */;
			targetProxy = 89D6F2F42C5FF5E60039E174 /* PBXContainerItemProxy */;
		};
/* End PBXTargetDependency section */

/* Begin XCBuildConfiguration section */
		89D6F2E32C5FF4780039E174 /* Debug */ = {
			isa = XCBuildConfiguration;
			buildSettings = {
				ALWAYS_SEARCH_USER_PATHS = NO;
				ASSETCATALOG_COMPILER_GENERATE_SWIFT_ASSET_SYMBOL_EXTENSIONS = YES;
				CLANG_ANALYZER_NONNULL = YES;
				CLANG_ANALYZER_NUMBER_OBJECT_CONVERSION = YES_AGGRESSIVE;
				CLANG_CXX_LANGUAGE_STANDARD = "gnu++20";
				CLANG_ENABLE_MODULES = YES;
				CLANG_ENABLE_OBJC_ARC = YES;
				CLANG_ENABLE_OBJC_WEAK = YES;
				CLANG_WARN_BLOCK_CAPTURE_AUTORELEASING = YES;
				CLANG_WARN_BOOL_CONVERSION = YES;
				CLANG_WARN_COMMA = YES;
				CLANG_WARN_CONSTANT_CONVERSION = YES;
				CLANG_WARN_DEPRECATED_OBJC_IMPLEMENTATIONS = YES;
				CLANG_WARN_DIRECT_OBJC_ISA_USAGE = YES_ERROR;
				CLANG_WARN_DOCUMENTATION_COMMENTS = YES;
				CLANG_WARN_EMPTY_BODY = YES;
				CLANG_WARN_ENUM_CONVERSION = YES;
				CLANG_WARN_INFINITE_RECURSION = YES;
				CLANG_WARN_INT_CONVERSION = YES;
				CLANG_WARN_NON_LITERAL_NULL_CONVERSION = YES;
				CLANG_WARN_OBJC_IMPLICIT_RETAIN_SELF = YES;
				CLANG_WARN_OBJC_LITERAL_CONVERSION = YES;
				CLANG_WARN_OBJC_ROOT_CLASS = YES_ERROR;
				CLANG_WARN_QUOTED_INCLUDE_IN_FRAMEWORK_HEADER = YES;
				CLANG_WARN_RANGE_LOOP_ANALYSIS = YES;
				CLANG_WARN_STRICT_PROTOTYPES = YES;
				CLANG_WARN_SUSPICIOUS_MOVE = YES;
				CLANG_WARN_UNGUARDED_AVAILABILITY = YES_AGGRESSIVE;
				CLANG_WARN_UNREACHABLE_CODE = YES;
				CLANG_WARN__DUPLICATE_METHOD_MATCH = YES;
				COPY_PHASE_STRIP = NO;
				DEBUG_INFORMATION_FORMAT = dwarf;
				ENABLE_STRICT_OBJC_MSGSEND = YES;
				ENABLE_TESTABILITY = YES;
				ENABLE_USER_SCRIPT_SANDBOXING = YES;
				GCC_C_LANGUAGE_STANDARD = gnu17;
				GCC_DYNAMIC_NO_PIC = NO;
				GCC_NO_COMMON_BLOCKS = YES;
				GCC_OPTIMIZATION_LEVEL = 0;
				GCC_PREPROCESSOR_DEFINITIONS = (
					"DEBUG=1",
					"$(inherited)",
				);
				GCC_WARN_64_TO_32_BIT_CONVERSION = YES;
				GCC_WARN_ABOUT_RETURN_TYPE = YES_ERROR;
				GCC_WARN_UNDECLARED_SELECTOR = YES;
				GCC_WARN_UNINITIALIZED_AUTOS = YES_AGGRESSIVE;
				GCC_WARN_UNUSED_FUNCTION = YES;
				GCC_WARN_UNUSED_VARIABLE = YES;
				IPHONEOS_DEPLOYMENT_TARGET = 17.2;
				LOCALIZATION_PREFERS_STRING_CATALOGS = YES;
				MTL_ENABLE_DEBUG_INFO = INCLUDE_SOURCE;
				MTL_FAST_MATH = YES;
				ONLY_ACTIVE_ARCH = YES;
				SDKROOT = iphoneos;
				SWIFT_ACTIVE_COMPILATION_CONDITIONS = "DEBUG $(inherited)";
				SWIFT_OPTIMIZATION_LEVEL = "-Onone";
			};
			name = Debug;
		};
		89D6F2E42C5FF4780039E174 /* Release */ = {
			isa = XCBuildConfiguration;
			buildSettings = {
				ALWAYS_SEARCH_USER_PATHS = NO;
				ASSETCATALOG_COMPILER_GENERATE_SWIFT_ASSET_SYMBOL_EXTENSIONS = YES;
				CLANG_ANALYZER_NONNULL = YES;
				CLANG_ANALYZER_NUMBER_OBJECT_CONVERSION = YES_AGGRESSIVE;
				CLANG_CXX_LANGUAGE_STANDARD = "gnu++20";
				CLANG_ENABLE_MODULES = YES;
				CLANG_ENABLE_OBJC_ARC = YES;
				CLANG_ENABLE_OBJC_WEAK = YES;
				CLANG_WARN_BLOCK_CAPTURE_AUTORELEASING = YES;
				CLANG_WARN_BOOL_CONVERSION = YES;
				CLANG_WARN_COMMA = YES;
				CLANG_WARN_CONSTANT_CONVERSION = YES;
				CLANG_WARN_DEPRECATED_OBJC_IMPLEMENTATIONS = YES;
				CLANG_WARN_DIRECT_OBJC_ISA_USAGE = YES_ERROR;
				CLANG_WARN_DOCUMENTATION_COMMENTS = YES;
				CLANG_WARN_EMPTY_BODY = YES;
				CLANG_WARN_ENUM_CONVERSION = YES;
				CLANG_WARN_INFINITE_RECURSION = YES;
				CLANG_WARN_INT_CONVERSION = YES;
				CLANG_WARN_NON_LITERAL_NULL_CONVERSION = YES;
				CLANG_WARN_OBJC_IMPLICIT_RETAIN_SELF = YES;
				CLANG_WARN_OBJC_LITERAL_CONVERSION = YES;
				CLANG_WARN_OBJC_ROOT_CLASS = YES_ERROR;
				CLANG_WARN_QUOTED_INCLUDE_IN_FRAMEWORK_HEADER = YES;
				CLANG_WARN_RANGE_LOOP_ANALYSIS = YES;
				CLANG_WARN_STRICT_PROTOTYPES = YES;
				CLANG_WARN_SUSPICIOUS_MOVE = YES;
				CLANG_WARN_UNGUARDED_AVAILABILITY = YES_AGGRESSIVE;
				CLANG_WARN_UNREACHABLE_CODE = YES;
				CLANG_WARN__DUPLICATE_METHOD_MATCH = YES;
				COPY_PHASE_STRIP = NO;
				DEBUG_INFORMATION_FORMAT = "dwarf-with-dsym";
				ENABLE_NS_ASSERTIONS = NO;
				ENABLE_STRICT_OBJC_MSGSEND = YES;
				ENABLE_USER_SCRIPT_SANDBOXING = YES;
				GCC_C_LANGUAGE_STANDARD = gnu17;
				GCC_NO_COMMON_BLOCKS = YES;
				GCC_WARN_64_TO_32_BIT_CONVERSION = YES;
				GCC_WARN_ABOUT_RETURN_TYPE = YES_ERROR;
				GCC_WARN_UNDECLARED_SELECTOR = YES;
				GCC_WARN_UNINITIALIZED_AUTOS = YES_AGGRESSIVE;
				GCC_WARN_UNUSED_FUNCTION = YES;
				GCC_WARN_UNUSED_VARIABLE = YES;
				IPHONEOS_DEPLOYMENT_TARGET = 17.2;
				LOCALIZATION_PREFERS_STRING_CATALOGS = YES;
				MTL_ENABLE_DEBUG_INFO = NO;
				MTL_FAST_MATH = YES;
				SDKROOT = iphoneos;
				SWIFT_COMPILATION_MODE = wholemodule;
				VALIDATE_PRODUCT = YES;
			};
			name = Release;
		};
		89D6F2E62C5FF4780039E174 /* Debug */ = {
			isa = XCBuildConfiguration;
			buildSettings = {
				ASSETCATALOG_COMPILER_APPICON_NAME = AppIcon;
				ASSETCATALOG_COMPILER_GLOBAL_ACCENT_COLOR_NAME = AccentColor;
				CODE_SIGN_STYLE = Automatic;
				CURRENT_PROJECT_VERSION = 1;
				DEVELOPMENT_ASSET_PATHS = "\"ApiTesting/Preview Content\"";
				ENABLE_PREVIEWS = YES;
				GENERATE_INFOPLIST_FILE = YES;
				INFOPLIST_KEY_UIApplicationSceneManifest_Generation = YES;
				INFOPLIST_KEY_UIApplicationSupportsIndirectInputEvents = YES;
				INFOPLIST_KEY_UILaunchScreen_Generation = YES;
				INFOPLIST_KEY_UISupportedInterfaceOrientations_iPad = "UIInterfaceOrientationPortrait UIInterfaceOrientationPortraitUpsideDown UIInterfaceOrientationLandscapeLeft UIInterfaceOrientationLandscapeRight";
				INFOPLIST_KEY_UISupportedInterfaceOrientations_iPhone = "UIInterfaceOrientationPortrait UIInterfaceOrientationLandscapeLeft UIInterfaceOrientationLandscapeRight";
				LD_RUNPATH_SEARCH_PATHS = (
					"$(inherited)",
					"@executable_path/Frameworks",
				);
				MARKETING_VERSION = 1.0;
				PRODUCT_BUNDLE_IDENTIFIER = com.raghu.ApiTesting;
				PRODUCT_NAME = "$(TARGET_NAME)";
				SWIFT_EMIT_LOC_STRINGS = YES;
				SWIFT_VERSION = 5.0;
				TARGETED_DEVICE_FAMILY = "1,2";
			};
			name = Debug;
		};
		89D6F2E72C5FF4780039E174 /* Release */ = {
			isa = XCBuildConfiguration;
			buildSettings = {
				ASSETCATALOG_COMPILER_APPICON_NAME = AppIcon;
				ASSETCATALOG_COMPILER_GLOBAL_ACCENT_COLOR_NAME = AccentColor;
				CODE_SIGN_STYLE = Automatic;
				CURRENT_PROJECT_VERSION = 1;
				DEVELOPMENT_ASSET_PATHS = "\"ApiTesting/Preview Content\"";
				ENABLE_PREVIEWS = YES;
				GENERATE_INFOPLIST_FILE = YES;
				INFOPLIST_KEY_UIApplicationSceneManifest_Generation = YES;
				INFOPLIST_KEY_UIApplicationSupportsIndirectInputEvents = YES;
				INFOPLIST_KEY_UILaunchScreen_Generation = YES;
				INFOPLIST_KEY_UISupportedInterfaceOrientations_iPad = "UIInterfaceOrientationPortrait UIInterfaceOrientationPortraitUpsideDown UIInterfaceOrientationLandscapeLeft UIInterfaceOrientationLandscapeRight";
				INFOPLIST_KEY_UISupportedInterfaceOrientations_iPhone = "UIInterfaceOrientationPortrait UIInterfaceOrientationLandscapeLeft UIInterfaceOrientationLandscapeRight";
				LD_RUNPATH_SEARCH_PATHS = (
					"$(inherited)",
					"@executable_path/Frameworks",
				);
				MARKETING_VERSION = 1.0;
				PRODUCT_BUNDLE_IDENTIFIER = com.raghu.ApiTesting;
				PRODUCT_NAME = "$(TARGET_NAME)";
				SWIFT_EMIT_LOC_STRINGS = YES;
				SWIFT_VERSION = 5.0;
				TARGETED_DEVICE_FAMILY = "1,2";
			};
			name = Release;
		};
		89D6F2F72C5FF5E60039E174 /* Debug */ = {
			isa = XCBuildConfiguration;
			buildSettings = {
				BUNDLE_LOADER = "$(TEST_HOST)";
				CODE_SIGN_STYLE = Automatic;
				CURRENT_PROJECT_VERSION = 1;
				GENERATE_INFOPLIST_FILE = YES;
				MARKETING_VERSION = 1.0;
				PRODUCT_BUNDLE_IDENTIFIER = com.raghu.ApiTestingTests;
				PRODUCT_NAME = "$(TARGET_NAME)";
				SWIFT_EMIT_LOC_STRINGS = NO;
				SWIFT_VERSION = 5.0;
				TARGETED_DEVICE_FAMILY = "1,2";
				TEST_HOST = "$(BUILT_PRODUCTS_DIR)/ApiTesting.app/$(BUNDLE_EXECUTABLE_FOLDER_PATH)/ApiTesting";
			};
			name = Debug;
		};
		89D6F2F82C5FF5E60039E174 /* Release */ = {
			isa = XCBuildConfiguration;
			buildSettings = {
				BUNDLE_LOADER = "$(TEST_HOST)";
				CODE_SIGN_STYLE = Automatic;
				CURRENT_PROJECT_VERSION = 1;
				GENERATE_INFOPLIST_FILE = YES;
				MARKETING_VERSION = 1.0;
				PRODUCT_BUNDLE_IDENTIFIER = com.raghu.ApiTestingTests;
				PRODUCT_NAME = "$(TARGET_NAME)";
				SWIFT_EMIT_LOC_STRINGS = NO;
				SWIFT_VERSION = 5.0;
				TARGETED_DEVICE_FAMILY = "1,2";
				TEST_HOST = "$(BUILT_PRODUCTS_DIR)/ApiTesting.app/$(BUNDLE_EXECUTABLE_FOLDER_PATH)/ApiTesting";
			};
			name = Release;
		};
/* End XCBuildConfiguration section */

/* Begin XCConfigurationList section */
		89D6F2D22C5FF4760039E174 /* Build configuration list for PBXProject "ApiTesting" */ = {
			isa = XCConfigurationList;
			buildConfigurations = (
				89D6F2E32C5FF4780039E174 /* Debug */,
				89D6F2E42C5FF4780039E174 /* Release */,
			);
			defaultConfigurationIsVisible = 0;
			defaultConfigurationName = Release;
		};
		89D6F2E52C5FF4780039E174 /* Build configuration list for PBXNativeTarget "ApiTesting" */ = {
			isa = XCConfigurationList;
			buildConfigurations = (
				89D6F2E62C5FF4780039E174 /* Debug */,
				89D6F2E72C5FF4780039E174 /* Release */,
			);
			defaultConfigurationIsVisible = 0;
			defaultConfigurationName = Release;
		};
		89D6F2F62C5FF5E60039E174 /* Build configuration list for PBXNativeTarget "ApiTestingTests" */ = {
			isa = XCConfigurationList;
			buildConfigurations = (
				89D6F2F72C5FF5E60039E174 /* Debug */,
				89D6F2F82C5FF5E60039E174 /* Release */,
			);
			defaultConfigurationIsVisible = 0;
			defaultConfigurationName = Release;
		};
/* End XCConfigurationList section */
	};
	rootObject = 89D6F2CF2C5FF4760039E174 /* Project object */;
}
